
Microsoft Visual Studio Solution File, Format Version 12.00
# Visual Studio 2015
Project("{FAE04EC0-301F-11D3-BF4B-00C04F79EFBC}") = "Pixelnest Shmup Tutorial.CSharp", "Pixelnest Shmup Tutorial.CSharp.csproj", "{E5BB2A72-259D-1EE8-B37C-829EA2611316}"
EndProject
Global
	GlobalSection(SolutionConfigurationPlatforms) = preSolution
		Debug|Any CPU = Debug|Any CPU
		Release|Any CPU = Release|Any CPU
	EndGlobalSection
	GlobalSection(ProjectConfigurationPlatforms) = postSolution
		{E5BB2A72-259D-1EE8-B37C-829EA2611316}.Debug|Any CPU.ActiveCfg = Debug|Any CPU
		{E5BB2A72-259D-1EE8-B37C-829EA2611316}.Debug|Any CPU.Build.0 = Debug|Any CPU
		{E5BB2A72-259D-1EE8-B37C-829EA2611316}.Release|Any CPU.ActiveCfg = Release|Any CPU
		{E5BB2A72-259D-1EE8-B37C-829EA2611316}.Release|Any CPU.Build.0 = Release|Any CPU
	EndGlobalSection
	GlobalSection(SolutionProperties) = preSolution
		HideSolutionNode = FALSE
	EndGlobalSection
EndGlobal
